// !$*UTF8*$!
{
	archiveVersion = 1;
	classes = {
	};
	objectVersion = 46;
	objects = {

/* Begin PBXBuildFile section */
		726278D21AD3B313009450BB /* main.m in Sources */ = {isa = PBXBuildFile; fileRef = 726278D11AD3B313009450BB /* main.m */; };
		726278D51AD3B313009450BB /* FCOAppDelegate.m in Sources */ = {isa = PBXBuildFile; fileRef = 726278D41AD3B313009450BB /* FCOAppDelegate.m */; };
		726278DB1AD3B313009450BB /* Main.storyboard in Resources */ = {isa = PBXBuildFile; fileRef = 726278D91AD3B313009450BB /* Main.storyboard */; };
		726278DD1AD3B313009450BB /* Images.xcassets in Resources */ = {isa = PBXBuildFile; fileRef = 726278DC1AD3B313009450BB /* Images.xcassets */; };
		726278EC1AD3B313009450BB /* fcoTests.m in Sources */ = {isa = PBXBuildFile; fileRef = 726278EB1AD3B313009450BB /* fcoTests.m */; };
		726431E01B008637000F5372 /* FCOMainViewController.m in Sources */ = {isa = PBXBuildFile; fileRef = 726431DF1B008637000F5372 /* FCOMainViewController.m */; };
		72F6FA8D1B1C077800A424A1 /* LaunchScreen.xib in Resources */ = {isa = PBXBuildFile; fileRef = 72F6FA8B1B1C077800A424A1 /* LaunchScreen.xib */; };
		72F6FA921B1C093F00A424A1 /* FCOLoginViewController.m in Sources */ = {isa = PBXBuildFile; fileRef = 72F6FA911B1C093F00A424A1 /* FCOLoginViewController.m */; };
		E60ED15D7FE4F3FDB7F9F427 /* libPods.a in Frameworks */ = {isa = PBXBuildFile; fileRef = BE958DFF1CAFFCA990353FE1 /* libPods.a */; };
/* End PBXBuildFile section */

/* Begin PBXContainerItemProxy section */
		726278E61AD3B313009450BB /* PBXContainerItemProxy */ = {
			isa = PBXContainerItemProxy;
			containerPortal = 726278C41AD3B313009450BB /* Project object */;
			proxyType = 1;
			remoteGlobalIDString = 726278CB1AD3B313009450BB;
			remoteInfo = fco;
		};
/* End PBXContainerItemProxy section */

/* Begin PBXFileReference section */
		726278CC1AD3B313009450BB /* FCO.app */ = {isa = PBXFileReference; explicitFileType = wrapper.application; includeInIndex = 0; path = FCO.app; sourceTree = BUILT_PRODUCTS_DIR; };
		726278D01AD3B313009450BB /* Info.plist */ = {isa = PBXFileReference; lastKnownFileType = text.plist.xml; path = Info.plist; sourceTree = "<group>"; };
		726278D11AD3B313009450BB /* main.m */ = {isa = PBXFileReference; lastKnownFileType = sourcecode.c.objc; path = main.m; sourceTree = "<group>"; };
		726278D31AD3B313009450BB /* FCOAppDelegate.h */ = {isa = PBXFileReference; lastKnownFileType = sourcecode.c.h; path = FCOAppDelegate.h; sourceTree = "<group>"; };
		726278D41AD3B313009450BB /* FCOAppDelegate.m */ = {isa = PBXFileReference; lastKnownFileType = sourcecode.c.objc; path = FCOAppDelegate.m; sourceTree = "<group>"; };
		726278DA1AD3B313009450BB /* Base */ = {isa = PBXFileReference; lastKnownFileType = file.storyboard; name = Base; path = Base.lproj/Main.storyboard; sourceTree = "<group>"; };
		726278DC1AD3B313009450BB /* Images.xcassets */ = {isa = PBXFileReference; lastKnownFileType = folder.assetcatalog; path = Images.xcassets; sourceTree = "<group>"; };
		726278E51AD3B313009450BB /* fcoTests.xctest */ = {isa = PBXFileReference; explicitFileType = wrapper.cfbundle; includeInIndex = 0; path = fcoTests.xctest; sourceTree = BUILT_PRODUCTS_DIR; };
		726278EA1AD3B313009450BB /* Info.plist */ = {isa = PBXFileReference; lastKnownFileType = text.plist.xml; path = Info.plist; sourceTree = "<group>"; };
		726278EB1AD3B313009450BB /* fcoTests.m */ = {isa = PBXFileReference; lastKnownFileType = sourcecode.c.objc; path = fcoTests.m; sourceTree = "<group>"; };
		726431DE1B008637000F5372 /* FCOMainViewController.h */ = {isa = PBXFileReference; fileEncoding = 4; lastKnownFileType = sourcecode.c.h; path = FCOMainViewController.h; sourceTree = "<group>"; };
		726431DF1B008637000F5372 /* FCOMainViewController.m */ = {isa = PBXFileReference; fileEncoding = 4; lastKnownFileType = sourcecode.c.objc; path = FCOMainViewController.m; sourceTree = "<group>"; };
		72F6FA8C1B1C077800A424A1 /* Base */ = {isa = PBXFileReference; lastKnownFileType = file.xib; name = Base; path = Base.lproj/LaunchScreen.xib; sourceTree = "<group>"; };
		72F6FA901B1C093F00A424A1 /* FCOLoginViewController.h */ = {isa = PBXFileReference; fileEncoding = 4; lastKnownFileType = sourcecode.c.h; path = FCOLoginViewController.h; sourceTree = "<group>"; };
		72F6FA911B1C093F00A424A1 /* FCOLoginViewController.m */ = {isa = PBXFileReference; fileEncoding = 4; lastKnownFileType = sourcecode.c.objc; path = FCOLoginViewController.m; sourceTree = "<group>"; };
		BE958DFF1CAFFCA990353FE1 /* libPods.a */ = {isa = PBXFileReference; explicitFileType = archive.ar; includeInIndex = 0; path = libPods.a; sourceTree = BUILT_PRODUCTS_DIR; };
		D60DD4681574AEC941FDA76D /* Pods.debug.xcconfig */ = {isa = PBXFileReference; includeInIndex = 1; lastKnownFileType = text.xcconfig; name = Pods.debug.xcconfig; path = "Pods/Target Support Files/Pods/Pods.debug.xcconfig"; sourceTree = "<group>"; };
		E6B83DFEE8E3A84D02F8296B /* Pods.release.xcconfig */ = {isa = PBXFileReference; includeInIndex = 1; lastKnownFileType = text.xcconfig; name = Pods.release.xcconfig; path = "Pods/Target Support Files/Pods/Pods.release.xcconfig"; sourceTree = "<group>"; };
/* End PBXFileReference section */

/* Begin PBXFrameworksBuildPhase section */
		726278C91AD3B313009450BB /* Frameworks */ = {
			isa = PBXFrameworksBuildPhase;
			buildActionMask = 2147483647;
			files = (
				E60ED15D7FE4F3FDB7F9F427 /* libPods.a in Frameworks */,
			);
			runOnlyForDeploymentPostprocessing = 0;
		};
		726278E21AD3B313009450BB /* Frameworks */ = {
			isa = PBXFrameworksBuildPhase;
			buildActionMask = 2147483647;
			files = (
			);
			runOnlyForDeploymentPostprocessing = 0;
		};
/* End PBXFrameworksBuildPhase section */

/* Begin PBXGroup section */
		726278C31AD3B313009450BB = {
			isa = PBXGroup;
			children = (
				726278CE1AD3B313009450BB /* fco */,
				726278E81AD3B313009450BB /* fcoTests */,
				726278CD1AD3B313009450BB /* Products */,
				F4E97DC23E2DDF8F0C109490 /* Pods */,
				90CF1233A4233D43EDD4C3E1 /* Frameworks */,
			);
			sourceTree = "<group>";
		};
		726278CD1AD3B313009450BB /* Products */ = {
			isa = PBXGroup;
			children = (
				726278CC1AD3B313009450BB /* FCO.app */,
				726278E51AD3B313009450BB /* fcoTests.xctest */,
			);
			name = Products;
			sourceTree = "<group>";
		};
		726278CE1AD3B313009450BB /* fco */ = {
			isa = PBXGroup;
			children = (
				726431E31B008650000F5372 /* App Delegate */,
				726431E11B00863C000F5372 /* Controllers */,
				726431E21B00864B000F5372 /* Resources */,
				726278CF1AD3B313009450BB /* Supporting Files */,
			);
			path = fco;
			sourceTree = "<group>";
		};
		726278CF1AD3B313009450BB /* Supporting Files */ = {
			isa = PBXGroup;
			children = (
				726278D01AD3B313009450BB /* Info.plist */,
				726278D11AD3B313009450BB /* main.m */,
			);
			name = "Supporting Files";
			sourceTree = "<group>";
		};
		726278E81AD3B313009450BB /* fcoTests */ = {
			isa = PBXGroup;
			children = (
				726278EB1AD3B313009450BB /* fcoTests.m */,
				726278E91AD3B313009450BB /* Supporting Files */,
			);
			path = fcoTests;
			sourceTree = "<group>";
		};
		726278E91AD3B313009450BB /* Supporting Files */ = {
			isa = PBXGroup;
			children = (
				726278EA1AD3B313009450BB /* Info.plist */,
			);
			name = "Supporting Files";
			sourceTree = "<group>";
		};
		726431E11B00863C000F5372 /* Controllers */ = {
			isa = PBXGroup;
			children = (
				72F6FA8F1B1C092C00A424A1 /* Main */,
				72F6FA8E1B1C092700A424A1 /* Login */,
			);
			name = Controllers;
			sourceTree = "<group>";
		};
		726431E21B00864B000F5372 /* Resources */ = {
			isa = PBXGroup;
			children = (
				72F6FA8B1B1C077800A424A1 /* LaunchScreen.xib */,
				726278D91AD3B313009450BB /* Main.storyboard */,
				726278DC1AD3B313009450BB /* Images.xcassets */,
			);
			name = Resources;
			sourceTree = "<group>";
		};
		726431E31B008650000F5372 /* App Delegate */ = {
			isa = PBXGroup;
			children = (
				726278D31AD3B313009450BB /* FCOAppDelegate.h */,
				726278D41AD3B313009450BB /* FCOAppDelegate.m */,
			);
			name = "App Delegate";
			sourceTree = "<group>";
		};
		72F6FA8E1B1C092700A424A1 /* Login */ = {
			isa = PBXGroup;
			children = (
				72F6FA901B1C093F00A424A1 /* FCOLoginViewController.h */,
				72F6FA911B1C093F00A424A1 /* FCOLoginViewController.m */,
			);
			name = Login;
			sourceTree = "<group>";
		};
		72F6FA8F1B1C092C00A424A1 /* Main */ = {
			isa = PBXGroup;
			children = (
				726431DE1B008637000F5372 /* FCOMainViewController.h */,
				726431DF1B008637000F5372 /* FCOMainViewController.m */,
			);
			name = Main;
			sourceTree = "<group>";
		};
		90CF1233A4233D43EDD4C3E1 /* Frameworks */ = {
			isa = PBXGroup;
			children = (
				BE958DFF1CAFFCA990353FE1 /* libPods.a */,
			);
			name = Frameworks;
			sourceTree = "<group>";
		};
		F4E97DC23E2DDF8F0C109490 /* Pods */ = {
			isa = PBXGroup;
			children = (
				D60DD4681574AEC941FDA76D /* Pods.debug.xcconfig */,
				E6B83DFEE8E3A84D02F8296B /* Pods.release.xcconfig */,
			);
			name = Pods;
			sourceTree = "<group>";
		};
/* End PBXGroup section */

/* Begin PBXNativeTarget section */
		726278CB1AD3B313009450BB /* fco */ = {
			isa = PBXNativeTarget;
			buildConfigurationList = 726278EF1AD3B313009450BB /* Build configuration list for PBXNativeTarget "fco" */;
			buildPhases = (
				A0AE86DD9ACAEB1CB2EF59F9 /* Check Pods Manifest.lock */,
				726278C81AD3B313009450BB /* Sources */,
				726278C91AD3B313009450BB /* Frameworks */,
				726278CA1AD3B313009450BB /* Resources */,
				128AAEB0813ADC5030B95227 /* Copy Pods Resources */,
			);
			buildRules = (
			);
			dependencies = (
			);
			name = fco;
			productName = fco;
			productReference = 726278CC1AD3B313009450BB /* FCO.app */;
			productType = "com.apple.product-type.application";
		};
		726278E41AD3B313009450BB /* fcoTests */ = {
			isa = PBXNativeTarget;
			buildConfigurationList = 726278F21AD3B313009450BB /* Build configuration list for PBXNativeTarget "fcoTests" */;
			buildPhases = (
				726278E11AD3B313009450BB /* Sources */,
				726278E21AD3B313009450BB /* Frameworks */,
				726278E31AD3B313009450BB /* Resources */,
			);
			buildRules = (
			);
			dependencies = (
				726278E71AD3B313009450BB /* PBXTargetDependency */,
			);
			name = fcoTests;
			productName = fcoTests;
			productReference = 726278E51AD3B313009450BB /* fcoTests.xctest */;
			productType = "com.apple.product-type.bundle.unit-test";
		};
/* End PBXNativeTarget section */

/* Begin PBXProject section */
		726278C41AD3B313009450BB /* Project object */ = {
			isa = PBXProject;
			attributes = {
				CLASSPREFIX = FCO;
				LastUpgradeCheck = 0620;
				ORGANIZATIONNAME = Kryptonite;
				TargetAttributes = {
					726278CB1AD3B313009450BB = {
						CreatedOnToolsVersion = 6.2;
					};
					726278E41AD3B313009450BB = {
						CreatedOnToolsVersion = 6.2;
						TestTargetID = 726278CB1AD3B313009450BB;
					};
				};
			};
			buildConfigurationList = 726278C71AD3B313009450BB /* Build configuration list for PBXProject "fco" */;
			compatibilityVersion = "Xcode 3.2";
			developmentRegion = English;
			hasScannedForEncodings = 0;
			knownRegions = (
				en,
				Base,
			);
			mainGroup = 726278C31AD3B313009450BB;
			productRefGroup = 726278CD1AD3B313009450BB /* Products */;
			projectDirPath = "";
			projectRoot = "";
			targets = (
				726278CB1AD3B313009450BB /* fco */,
				726278E41AD3B313009450BB /* fcoTests */,
			);
		};
/* End PBXProject section */

/* Begin PBXResourcesBuildPhase section */
		726278CA1AD3B313009450BB /* Resources */ = {
			isa = PBXResourcesBuildPhase;
			buildActionMask = 2147483647;
			files = (
				72F6FA8D1B1C077800A424A1 /* LaunchScreen.xib in Resources */,
				726278DB1AD3B313009450BB /* Main.storyboard in Resources */,
				726278DD1AD3B313009450BB /* Images.xcassets in Resources */,
			);
			runOnlyForDeploymentPostprocessing = 0;
		};
		726278E31AD3B313009450BB /* Resources */ = {
			isa = PBXResourcesBuildPhase;
			buildActionMask = 2147483647;
			files = (
			);
			runOnlyForDeploymentPostprocessing = 0;
		};
/* End PBXResourcesBuildPhase section */

/* Begin PBXShellScriptBuildPhase section */
		128AAEB0813ADC5030B95227 /* Copy Pods Resources */ = {
			isa = PBXShellScriptBuildPhase;
			buildActionMask = 2147483647;
			files = (
			);
			inputPaths = (
			);
			name = "Copy Pods Resources";
			outputPaths = (
			);
			runOnlyForDeploymentPostprocessing = 0;
			shellPath = /bin/sh;
			shellScript = "\"${SRCROOT}/Pods/Target Support Files/Pods/Pods-resources.sh\"\n";
			showEnvVarsInLog = 0;
		};
		A0AE86DD9ACAEB1CB2EF59F9 /* Check Pods Manifest.lock */ = {
			isa = PBXShellScriptBuildPhase;
			buildActionMask = 2147483647;
			files = (
			);
			inputPaths = (
			);
			name = "Check Pods Manifest.lock";
			outputPaths = (
			);
			runOnlyForDeploymentPostprocessing = 0;
			shellPath = /bin/sh;
			shellScript = "diff \"${PODS_ROOT}/../Podfile.lock\" \"${PODS_ROOT}/Manifest.lock\" > /dev/null\nif [[ $? != 0 ]] ; then\n    cat << EOM\nerror: The sandbox is not in sync with the Podfile.lock. Run 'pod install' or update your CocoaPods installation.\nEOM\n    exit 1\nfi\n";
			showEnvVarsInLog = 0;
		};
/* End PBXShellScriptBuildPhase section */

/* Begin PBXSourcesBuildPhase section */
		726278C81AD3B313009450BB /* Sources */ = {
			isa = PBXSourcesBuildPhase;
			buildActionMask = 2147483647;
			files = (
				726278D51AD3B313009450BB /* FCOAppDelegate.m in Sources */,
				726278D21AD3B313009450BB /* main.m in Sources */,
				726431E01B008637000F5372 /* FCOMainViewController.m in Sources */,
				72F6FA921B1C093F00A424A1 /* FCOLoginViewController.m in Sources */,
			);
			runOnlyForDeploymentPostprocessing = 0;
		};
		726278E11AD3B313009450BB /* Sources */ = {
			isa = PBXSourcesBuildPhase;
			buildActionMask = 2147483647;
			files = (
				726278EC1AD3B313009450BB /* fcoTests.m in Sources */,
			);
			runOnlyForDeploymentPostprocessing = 0;
		};
/* End PBXSourcesBuildPhase section */

/* Begin PBXTargetDependency section */
		726278E71AD3B313009450BB /* PBXTargetDependency */ = {
			isa = PBXTargetDependency;
			target = 726278CB1AD3B313009450BB /* fco */;
			targetProxy = 726278E61AD3B313009450BB /* PBXContainerItemProxy */;
		};
/* End PBXTargetDependency section */

/* Begin PBXVariantGroup section */
		726278D91AD3B313009450BB /* Main.storyboard */ = {
			isa = PBXVariantGroup;
			children = (
				726278DA1AD3B313009450BB /* Base */,
			);
			name = Main.storyboard;
			sourceTree = "<group>";
		};
		72F6FA8B1B1C077800A424A1 /* LaunchScreen.xib */ = {
			isa = PBXVariantGroup;
			children = (
				72F6FA8C1B1C077800A424A1 /* Base */,
			);
			name = LaunchScreen.xib;
			sourceTree = "<group>";
		};
/* End PBXVariantGroup section */

/* Begin XCBuildConfiguration section */
		726278ED1AD3B313009450BB /* Debug */ = {
			isa = XCBuildConfiguration;
			buildSettings = {
				ALWAYS_SEARCH_USER_PATHS = NO;
				CLANG_CXX_LANGUAGE_STANDARD = "gnu++0x";
				CLANG_CXX_LIBRARY = "libc++";
				CLANG_ENABLE_MODULES = YES;
				CLANG_ENABLE_OBJC_ARC = YES;
				CLANG_WARN_BOOL_CONVERSION = YES;
				CLANG_WARN_CONSTANT_CONVERSION = YES;
				CLANG_WARN_DIRECT_OBJC_ISA_USAGE = YES_ERROR;
				CLANG_WARN_EMPTY_BODY = YES;
				CLANG_WARN_ENUM_CONVERSION = YES;
				CLANG_WARN_INT_CONVERSION = YES;
				CLANG_WARN_OBJC_ROOT_CLASS = YES_ERROR;
				CLANG_WARN_UNREACHABLE_CODE = YES;
				CLANG_WARN__DUPLICATE_METHOD_MATCH = YES;
				"CODE_SIGN_IDENTITY[sdk=iphoneos*]" = "iPhone Developer";
				COPY_PHASE_STRIP = NO;
				ENABLE_STRICT_OBJC_MSGSEND = YES;
				GCC_C_LANGUAGE_STANDARD = gnu99;
				GCC_DYNAMIC_NO_PIC = NO;
				GCC_OPTIMIZATION_LEVEL = 0;
				GCC_PREPROCESSOR_DEFINITIONS = (
					"DEBUG=1",
					"$(inherited)",
				);
				GCC_SYMBOLS_PRIVATE_EXTERN = NO;
				GCC_WARN_64_TO_32_BIT_CONVERSION = YES;
				GCC_WARN_ABOUT_RETURN_TYPE = YES_ERROR;
				GCC_WARN_UNDECLARED_SELECTOR = YES;
				GCC_WARN_UNINITIALIZED_AUTOS = YES_AGGRESSIVE;
				GCC_WARN_UNUSED_FUNCTION = YES;
				GCC_WARN_UNUSED_VARIABLE = YES;
				IPHONEOS_DEPLOYMENT_TARGET = 8.3;
				MTL_ENABLE_DEBUG_INFO = YES;
				ONLY_ACTIVE_ARCH = YES;
				SDKROOT = iphoneos;
				TARGETED_DEVICE_FAMILY = "1,2";
			};
			name = Debug;
		};
		726278EE1AD3B313009450BB /* Release */ = {
			isa = XCBuildConfiguration;
			buildSettings = {
				ALWAYS_SEARCH_USER_PATHS = NO;
				CLANG_CXX_LANGUAGE_STANDARD = "gnu++0x";
				CLANG_CXX_LIBRARY = "libc++";
				CLANG_ENABLE_MODULES = YES;
				CLANG_ENABLE_OBJC_ARC = YES;
				CLANG_WARN_BOOL_CONVERSION = YES;
				CLANG_WARN_CONSTANT_CONVERSION = YES;
				CLANG_WARN_DIRECT_OBJC_ISA_USAGE = YES_ERROR;
				CLANG_WARN_EMPTY_BODY = YES;
				CLANG_WARN_ENUM_CONVERSION = YES;
				CLANG_WARN_INT_CONVERSION = YES;
				CLANG_WARN_OBJC_ROOT_CLASS = YES_ERROR;
				CLANG_WARN_UNREACHABLE_CODE = YES;
				CLANG_WARN__DUPLICATE_METHOD_MATCH = YES;
				"CODE_SIGN_IDENTITY[sdk=iphoneos*]" = "iPhone Developer";
				COPY_PHASE_STRIP = NO;
				ENABLE_NS_ASSERTIONS = NO;
				ENABLE_STRICT_OBJC_MSGSEND = YES;
				GCC_C_LANGUAGE_STANDARD = gnu99;
				GCC_WARN_64_TO_32_BIT_CONVERSION = YES;
				GCC_WARN_ABOUT_RETURN_TYPE = YES_ERROR;
				GCC_WARN_UNDECLARED_SELECTOR = YES;
				GCC_WARN_UNINITIALIZED_AUTOS = YES_AGGRESSIVE;
				GCC_WARN_UNUSED_FUNCTION = YES;
				GCC_WARN_UNUSED_VARIABLE = YES;
				IPHONEOS_DEPLOYMENT_TARGET = 8.3;
				MTL_ENABLE_DEBUG_INFO = NO;
				SDKROOT = iphoneos;
				TARGETED_DEVICE_FAMILY = "1,2";
				VALIDATE_PRODUCT = YES;
			};
			name = Release;
		};
		726278F01AD3B313009450BB /* Debug */ = {
			isa = XCBuildConfiguration;
			baseConfigurationReference = D60DD4681574AEC941FDA76D /* Pods.debug.xcconfig */;
			buildSettings = {
				ASSETCATALOG_COMPILER_APPICON_NAME = AppIcon;
				INFOPLIST_FILE = fco/Info.plist;
				LD_RUNPATH_SEARCH_PATHS = "$(inherited) @executable_path/Frameworks";
				PRODUCT_NAME = FCO;
				TARGETED_DEVICE_FAMILY = 1;
			};
			name = Debug;
		};
		726278F11AD3B313009450BB /* Release */ = {
			isa = XCBuildConfiguration;
			baseConfigurationReference = E6B83DFEE8E3A84D02F8296B /* Pods.release.xcconfig */;
			buildSettings = {
				ASSETCATALOG_COMPILER_APPICON_NAME = AppIcon;
				INFOPLIST_FILE = fco/Info.plist;
				LD_RUNPATH_SEARCH_PATHS = "$(inherited) @executable_path/Frameworks";
				PRODUCT_NAME = FCO;
				TARGETED_DEVICE_FAMILY = 1;
			};
			name = Release;
		};
		726278F31AD3B313009450BB /* Debug */ = {
			isa = XCBuildConfiguration;
			buildSettings = {
				BUNDLE_LOADER = "$(TEST_HOST)";
				FRAMEWORK_SEARCH_PATHS = (
					"$(SDKROOT)/Developer/Library/Frameworks",
					"$(inherited)",
				);
				GCC_PREPROCESSOR_DEFINITIONS = (
					"DEBUG=1",
					"$(inherited)",
				);
				INFOPLIST_FILE = fcoTests/Info.plist;
				LD_RUNPATH_SEARCH_PATHS = "$(inherited) @executable_path/Frameworks @loader_path/Frameworks";
				PRODUCT_NAME = "$(TARGET_NAME)";
				TEST_HOST = "$(BUILT_PRODUCTS_DIR)/fco.app/fco";
			};
			name = Debug;
		};
		726278F41AD3B313009450BB /* Release */ = {
			isa = XCBuildConfiguration;
			buildSettings = {
				BUNDLE_LOADER = "$(TEST_HOST)";
				FRAMEWORK_SEARCH_PATHS = (
					"$(SDKROOT)/Developer/Library/Frameworks",
					"$(inherited)",
				);
				INFOPLIST_FILE = fcoTests/Info.plist;
				LD_RUNPATH_SEARCH_PATHS = "$(inherited) @executable_path/Frameworks @loader_path/Frameworks";
				PRODUCT_NAME = "$(TARGET_NAME)";
				TEST_HOST = "$(BUILT_PRODUCTS_DIR)/fco.app/fco";
			};
			name = Release;
		};
/* End XCBuildConfiguration section */

/* Begin XCConfigurationList section */
		726278C71AD3B313009450BB /* Build configuration list for PBXProject "fco" */ = {
			isa = XCConfigurationList;
			buildConfigurations = (
				726278ED1AD3B313009450BB /* Debug */,
				726278EE1AD3B313009450BB /* Release */,
			);
			defaultConfigurationIsVisible = 0;
			defaultConfigurationName = Release;
		};
		726278EF1AD3B313009450BB /* Build configuration list for PBXNativeTarget "fco" */ = {
			isa = XCConfigurationList;
			buildConfigurations = (
				726278F01AD3B313009450BB /* Debug */,
				726278F11AD3B313009450BB /* Release */,
			);
			defaultConfigurationIsVisible = 0;
			defaultConfigurationName = Release;
		};
		726278F21AD3B313009450BB /* Build configuration list for PBXNativeTarget "fcoTests" */ = {
			isa = XCConfigurationList;
			buildConfigurations = (
				726278F31AD3B313009450BB /* Debug */,
				726278F41AD3B313009450BB /* Release */,
			);
			defaultConfigurationIsVisible = 0;
			defaultConfigurationName = Release;
		};
/* End XCConfigurationList section */
	};
	rootObject = 726278C41AD3B313009450BB /* Project object */;
}
